version = 1
revision = 3
requires-python = "==3.12.*"

[[package]]
name = "asttokens"
version = "3.0.1"
source = { registry = "https://pkgs.d.xiaomi.net/artifactory/api/pypi/pypi-virtual/simple" }
sdist = { url = "https://pkgs.d.xiaomi.net/artifactory/api/pypi/pypi-virtual/packages/packages/be/a5/8e3f9b6771b0b408517c82d97aed8f2036509bc247d46114925e32fe33f0/asttokens-3.0.1.tar.gz", hash = "sha256:71a4ee5de0bde6a31d64f6b13f2293ac190344478f081c3d1bccfcf5eacb0cb7" }
wheels = [
    { url = "https://pkgs.d.xiaomi.net/artifactory/api/pypi/pypi-virtual/packages/packages/d2/39/e7eaf1799466a4aef85b6a4fe7bd175ad2b1c6345066aa33f1f58d4b18d0/asttokens-3.0.1-py3-none-any.whl", hash = "sha256:15a3ebc0f43c2d0a50eeafea25e19046c68398e487b9f1f5b517f7c0f40f976a" },
]

[[package]]
name = "colorama"
version = "0.4.6"
source = { registry = "https://pkgs.d.xiaomi.net/artifactory/api/pypi/pypi-virtual/simple" }
sdist = { url = "https://pkgs.d.xiaomi.net/artifactory/api/pypi/pypi-virtual/packages/packages/d8/53/6f443c9a4a8358a93a6792e2acffb9d9d5cb0a5cfd8802644b7b1c9a02e4/colorama-0.4.6.tar.gz", hash = "sha256:08695f5cb7ed6e0531a20572697297273c47b8cae5a63ffc6d6ed5c201be6e44" }
wheels = [
    { url = "https://pkgs.d.xiaomi.net/artifactory/api/pypi/pypi-virtual/packages/packages/d1/d6/3965ed04c63042e047cb6a3e6ed1a63a35087b6a609aa3a15ed8ac56c221/colorama-0.4.6-py2.py3-none-any.whl", hash = "sha256:4f1d9991f5acc0ca119f9d443620b77f9d6b33703e51011c16baf57afb285fc6" },
]

[[package]]
name = "decorator"
version = "5.3.1"
source = { registry = "https://pkgs.d.xiaomi.net/artifactory/api/pypi/pypi-virtual/simple" }
sdist = { url = "https://pkgs.d.xiaomi.net/artifactory/api/pypi/pypi-virtual/packages/packages/60/8b/32f9823da46cde7df2087faa08cd98d01b908f8dcab982cdba9c84e85355/decorator-5.3.1.tar.gz", hash = "sha256:4cbcdd55a6efadb9dbea26b858f4fb3264567b52d69ca0d25b721b553f60ea82" }
wheels = [
    { url = "https://pkgs.d.xiaomi.net/artifactory/api/pypi/pypi-virtual/packages/packages/05/7f/798705f5296a58ca505d600456748d1be48078eac8a7050d8a98bc9edb89/decorator-5.3.1-py3-none-any.whl", hash = "sha256:f47fe6fdbd2edd623ecfe36875d37aba411624e2670dd395dddae1358689bb3c" },
]

[[package]]
name = "executing"
version = "2.2.1"
source = { registry = "https://pkgs.d.xiaomi.net/artifactory/api/pypi/pypi-virtual/simple" }
sdist = { url = "https://pkgs.d.xiaomi.net/artifactory/api/pypi/pypi-virtual/packages/packages/cc/28/c14e053b6762b1044f34a13aab6859bbf40456d37d23aa286ac24cfd9a5d/executing-2.2.1.tar.gz", hash = "sha256:3632cc370565f6648cc328b32435bd120a1e4ebb20c77e3fdde9a13cd1e533c4" }
wheels = [
    { url = "https://pkgs.d.xiaomi.net/artifactory/api/pypi/pypi-virtual/packages/packages/c1/ea/53f2148663b321f21b5a606bd5f191517cf40b7072c0497d3c92c4a13b1e/executing-2.2.1-py2.py3-none-any.whl", hash = "sha256:760643d3452b4d777d295bb167ccc74c64a81df23fb5e08eff250c425a4b2017" },
]

[[package]]
name = "filelock"
version = "3.29.0"
source = { registry = "https://pkgs.d.xiaomi.net/artifactory/api/pypi/pypi-virtual/simple" }
sdist = { url = "https://pkgs.d.xiaomi.net/artifactory/api/pypi/pypi-virtual/packages/packages/b5/fe/997687a931ab51049acce6fa1f23e8f01216374ea81374ddee763c493db5/filelock-3.29.0.tar.gz", hash = "sha256:69974355e960702e789734cb4871f884ea6fe50bd8404051a3530bc07809cf90" }
wheels = [
    { url = "https://pkgs.d.xiaomi.net/artifactory/api/pypi/pypi-virtual/packages/packages/81/47/dd9a212ef6e343a6857485ffe25bba537304f1913bdbed446a23f7f592e1/filelock-3.29.0-py3-none-any.whl", hash = "sha256:96f5f6344709aa1572bbf631c640e4ebeeb519e08da902c39a001882f30ac258" },
]

[[package]]
name = "fsspec"
version = "2026.4.0"
source = { registry = "https://pkgs.d.xiaomi.net/artifactory/api/pypi/pypi-virtual/simple" }
sdist = { url = "https://pkgs.d.xiaomi.net/artifactory/api/pypi/pypi-virtual/packages/packages/d5/8d/1c51c094345df128ca4a990d633fe1a0ff28726c9e6b3c41ba65087bba1d/fsspec-2026.4.0.tar.gz", hash = "sha256:301d8ac70ae90ef3ad05dcf94d6c3754a097f9b5fe4667d2787aa359ec7df7e4" }
wheels = [
    { url = "https://pkgs.d.xiaomi.net/artifactory/api/pypi/pypi-virtual/packages/packages/d5/0c/043d5e551459da400957a1395e0febbf771446ff34291afcbe3d8be2a279/fsspec-2026.4.0-py3-none-any.whl", hash = "sha256:11ef7bb35dab8a394fde6e608221d5cf3e8499401c249bebaeaad760a1a8dec2" },
]

[[package]]
name = "iniconfig"
version = "2.3.0"
source = { registry = "https://pkgs.d.xiaomi.net/artifactory/api/pypi/pypi-virtual/simple" }
sdist = { url = "https://pkgs.d.xiaomi.net/artifactory/api/pypi/pypi-virtual/packages/packages/72/34/14ca021ce8e5dfedc35312d08ba8bf51fdd999c576889fc2c24cb97f4f10/iniconfig-2.3.0.tar.gz", hash = "sha256:c76315c77db068650d49c5b56314774a7804df16fee4402c1f19d6d15d8c4730" }
wheels = [
    { url = "https://pkgs.d.xiaomi.net/artifactory/api/pypi/pypi-virtual/packages/packages/cb/b1/3846dd7f199d53cb17f49cba7e651e9ce294d8497c8c150530ed11865bb8/iniconfig-2.3.0-py3-none-any.whl", hash = "sha256:f631c04d2c48c52b84d0d0549c99ff3859c98df65b3101406327ecc7d53fbf12" },
]

[[package]]
name = "ipython"
version = "9.13.0"
source = { registry = "https://pkgs.d.xiaomi.net/artifactory/api/pypi/pypi-virtual/simple" }
dependencies = [
    { name = "colorama", marker = "sys_platform == 'win32'" },
    { name = "decorator" },
    { name = "ipython-pygments-lexers" },
    { name = "jedi" },
    { name = "matplotlib-inline" },
    { name = "pexpect", marker = "sys_platform != 'emscripten' and sys_platform != 'win32'" },
    { name = "prompt-toolkit" },
    { name = "psutil" },
    { name = "pygments" },
    { name = "stack-data" },
    { name = "traitlets" },
]
sdist = { url = "https://pkgs.d.xiaomi.net/artifactory/api/pypi/pypi-virtual/packages/packages/cd/c4/87cda5842cf5c31837c06ddb588e11c3c35d8ece89b7a0108c06b8c9b00a/ipython-9.13.0.tar.gz", hash = "sha256:7e834b6afc99f020e3f05966ced34792f40267d64cb1ea9043886dab0dde5967" }
wheels = [
    { url = "https://pkgs.d.xiaomi.net/artifactory/api/pypi/pypi-virtual/packages/packages/b9/86/3060e8029b7cc505cce9a0137431dda81d0a3fde93a8f0f50ee0bf37a795/ipython-9.13.0-py3-none-any.whl", hash = "sha256:57f9d4639e20818d328d287c7b549af3d05f12486ea8f2e7f73e52a36ec4d201" },
]

[[package]]
name = "ipython-pygments-lexers"
version = "1.1.1"
source = { registry = "https://pkgs.d.xiaomi.net/artifactory/api/pypi/pypi-virtual/simple" }
dependencies = [
    { name = "pygments" },
]
sdist = { url = "https://pkgs.d.xiaomi.net/artifactory/api/pypi/pypi-virtual/packages/packages/ef/4c/5dd1d8af08107f88c7f741ead7a40854b8ac24ddf9ae850afbcf698aa552/ipython_pygments_lexers-1.1.1.tar.gz", hash = "sha256:09c0138009e56b6854f9535736f4171d855c8c08a563a0dcd8022f78355c7e81" }
wheels = [
    { url = "https://pkgs.d.xiaomi.net/artifactory/api/pypi/pypi-virtual/packages/packages/d9/33/1f075bf72b0b747cb3288d011319aaf64083cf2efef8354174e3ed4540e2/ipython_pygments_lexers-1.1.1-py3-none-any.whl", hash = "sha256:a9462224a505ade19a605f71f8fa63c2048833ce50abc86768a0d81d876dc81c" },
]

[[package]]
name = "jedi"
version = "0.20.0"
source = { registry = "https://pkgs.d.xiaomi.net/artifactory/api/pypi/pypi-virtual/simple" }
dependencies = [
    { name = "parso" },
]
sdist = { url = "https://pkgs.d.xiaomi.net/artifactory/api/pypi/pypi-virtual/packages/packages/46/b7/a3635f6a2d7cf5b5dd98064fc1d5fbbafcb25477bcea204a3a92145d158b/jedi-0.20.0.tar.gz", hash = "sha256:c3f4ccbd276696f4b19c54618d4fb18f9fc24b0aef02acf704b23f487daa1011" }
wheels = [
    { url = "https://pkgs.d.xiaomi.net/artifactory/api/pypi/pypi-virtual/packages/packages/9a/93/242e2eab5fe682ffcb8b0084bde703a41d51e17ee0f3a31ff0d9d813620a/jedi-0.20.0-py2.py3-none-any.whl", hash = "sha256:7bdd9c2634f56713299976f4cbd59cb3fa92165cc5e05ea811fb253480728b67" },
]

[[package]]
name = "jinja2"
version = "3.1.6"
source = { registry = "https://pkgs.d.xiaomi.net/artifactory/api/pypi/pypi-virtual/simple" }
dependencies = [
    { name = "markupsafe" },
]
sdist = { url = "https://pkgs.d.xiaomi.net/artifactory/api/pypi/pypi-virtual/packages/packages/df/bf/f7da0350254c0ed7c72f3e33cef02e048281fec7ecec5f032d4aac52226b/jinja2-3.1.6.tar.gz", hash = "sha256:0137fb05990d35f1275a587e9aee6d56da821fc83491a0fb838183be43f66d6d" }
wheels = [
    { url = "https://pkgs.d.xiaomi.net/artifactory/api/pypi/pypi-virtual/packages/packages/62/a1/3d680cbfd5f4b8f15abc1d571870c5fc3e594bb582bc3b64ea099db13e56/jinja2-3.1.6-py3-none-any.whl", hash = "sha256:85ece4451f492d0c13c5dd7c13a64681a86afae63a5f347908daf103ce6d2f67" },
]

[[package]]
name = "markupsafe"
version = "3.0.3"
source = { registry = "https://pkgs.d.xiaomi.net/artifactory/api/pypi/pypi-virtual/simple" }
sdist = { url = "https://pkgs.d.xiaomi.net/artifactory/api/pypi/pypi-virtual/packages/packages/7e/99/7690b6d4034fffd95959cbe0c02de8deb3098cc577c67bb6a24fe5d7caa7/markupsafe-3.0.3.tar.gz", hash = "sha256:722695808f4b6457b320fdc131280796bdceb04ab50fe1795cd540799ebe1698" }
wheels = [
    { url = "https://pkgs.d.xiaomi.net/artifactory/api/pypi/pypi-virtual/packages/packages/5a/72/147da192e38635ada20e0a2e1a51cf8823d2119ce8883f7053879c2199b5/markupsafe-3.0.3-cp312-cp312-macosx_10_13_x86_64.whl", hash = "sha256:d53197da72cc091b024dd97249dfc7794d6a56530370992a5e1a08983ad9230e" },
    { url = "https://pkgs.d.xiaomi.net/artifactory/api/pypi/pypi-virtual/packages/packages/9a/81/7e4e08678a1f98521201c3079f77db69fb552acd56067661f8c2f534a718/markupsafe-3.0.3-cp312-cp312-macosx_11_0_arm64.whl", hash = "sha256:1872df69a4de6aead3491198eaf13810b565bdbeec3ae2dc8780f14458ec73ce" },
    { url = "https://pkgs.d.xiaomi.net/artifactory/api/pypi/pypi-virtual/packages/packages/1e/2c/799f4742efc39633a1b54a92eec4082e4f815314869865d876824c257c1e/markupsafe-3.0.3-cp312-cp312-manylinux2014_aarch64.manylinux_2_17_aarch64.manylinux_2_28_aarch64.whl", hash = "sha256:3a7e8ae81ae39e62a41ec302f972ba6ae23a5c5396c8e60113e9066ef893da0d" },
    { url = "https://pkgs.d.xiaomi.net/artifactory/api/pypi/pypi-virtual/packages/packages/3c/2e/8d0c2ab90a8c1d9a24f0399058ab8519a3279d1bd4289511d74e909f060e/markupsafe-3.0.3-cp312-cp312-manylinux2014_x86_64.manylinux_2_17_x86_64.manylinux_2_28_x86_64.whl", hash = "sha256:d6dd0be5b5b189d31db7cda48b91d7e0a9795f31430b7f271219ab30f1d3ac9d" },
    { url = "https://pkgs.d.xiaomi.net/artifactory/api/pypi/pypi-virtual/packages/packages/2c/54/887f3092a85238093a0b2154bd629c89444f395618842e8b0c41783898ea/markupsafe-3.0.3-cp312-cp312-manylinux_2_31_riscv64.manylinux_2_39_riscv64.whl", hash = "sha256:94c6f0bb423f739146aec64595853541634bde58b2135f27f61c1ffd1cd4d16a" },
    { url = "https://pkgs.d.xiaomi.net/artifactory/api/pypi/pypi-virtual/packages/packages/c9/2f/336b8c7b6f4a4d95e91119dc8521402461b74a485558d8f238a68312f11c/markupsafe-3.0.3-cp312-cp312-musllinux_1_2_aarch64.whl", hash = "sha256:be8813b57049a7dc738189df53d69395eba14fb99345e0a5994914a3864c8a4b" },
    { url = "https://pkgs.d.xiaomi.net/artifactory/api/pypi/pypi-virtual/packages/packages/32/43/67935f2b7e4982ffb50a4d169b724d74b62a3964bc1a9a527f5ac4f1ee2b/markupsafe-3.0.3-cp312-cp312-musllinux_1_2_riscv64.whl", hash = "sha256:83891d0e9fb81a825d9a6d61e3f07550ca70a076484292a70fde82c4b807286f" },
    { url = "https://pkgs.d.xiaomi.net/artifactory/api/pypi/pypi-virtual/packages/packages/89/e0/4486f11e51bbba8b0c041098859e869e304d1c261e59244baa3d295d47b7/markupsafe-3.0.3-cp312-cp312-musllinux_1_2_x86_64.whl", hash = "sha256:77f0643abe7495da77fb436f50f8dab76dbc6e5fd25d39589a0f1fe6548bfa2b" },
    { url = "https://pkgs.d.xiaomi.net/artifactory/api/pypi/pypi-virtual/packages/packages/2f/e1/78ee7a023dac597a5825441ebd17170785a9dab23de95d2c7508ade94e0e/markupsafe-3.0.3-cp312-cp312-win32.whl", hash = "sha256:d88b440e37a16e651bda4c7c2b930eb586fd15ca7406cb39e211fcff3bf3017d" },
    { url = "https://pkgs.d.xiaomi.net/artifactory/api/pypi/pypi-virtual/packages/packages/aa/5b/bec5aa9bbbb2c946ca2733ef9c4ca91c91b6a24580193e891b5f7dbe8e1e/markupsafe-3.0.3-cp312-cp312-win_amd64.whl", hash = "sha256:26a5784ded40c9e318cfc2bdb30fe164bdb8665ded9cd64d500a34fb42067b1c" },
    { url = "https://pkgs.d.xiaomi.net/artifactory/api/pypi/pypi-virtual/packages/packages/e5/f1/216fc1bbfd74011693a4fd837e7026152e89c4bcf3e77b6692fba9923123/markupsafe-3.0.3-cp312-cp312-win_arm64.whl", hash = "sha256:35add3b638a5d900e807944a078b51922212fb3dedb01633a8defc4b01a3c85f" },
]

[[package]]
name = "matplotlib-inline"
version = "0.2.2"
source = { registry = "https://pkgs.d.xiaomi.net/artifactory/api/pypi/pypi-virtual/simple" }
dependencies = [
    { name = "traitlets" },
]
sdist = { url = "https://pkgs.d.xiaomi.net/artifactory/api/pypi/pypi-virtual/packages/packages/bd/c0/9f7c9a46090390368a4d7bcb76bb87a4a36c421e4c0792cdb53486ffac7a/matplotlib_inline-0.2.2.tar.gz", hash = "sha256:72f3fe8fce36b70d4a5b612f899090cd0401deddc4ea90e1572b9f4bfb058c79" }
wheels = [
    { url = "https://pkgs.d.xiaomi.net/artifactory/api/pypi/pypi-virtual/packages/packages/41/09/5b161152e2d90f7b87f781c2e1267494aef9c32498df793f73ad0a0a494a/matplotlib_inline-0.2.2-py3-none-any.whl", hash = "sha256:3c821cf1c209f59fb2d2d64abbf5b23b67bcb2210d663f9918dd851c6da1fcf6" },
]

[[package]]
name = "minicuda"
version = "0.1.0.dev0"
source = { virtual = "." }
dependencies = [
    { name = "numpy" },
    { name = "torch" },
]

[package.dev-dependencies]
dev = [
    { name = "ipython" },
    { name = "pytest" },
]

[package.metadata]
requires-dist = [
    { name = "numpy", specifier = ">=2.4.2" },
    { name = "torch", specifier = "==2.10.0+cu132", index = "https://artifactory.d.xiaomi.net/artifactory/api/pypi/mimo-core-pypi-local/simple" },
]

[package.metadata.requires-dev]
dev = [
    { name = "ipython", specifier = ">=9.13.0" },
    { name = "pytest", specifier = ">=9.0.2" },
]

[[package]]
name = "mpmath"
version = "1.3.0"
source = { registry = "https://pkgs.d.xiaomi.net/artifactory/api/pypi/pypi-virtual/simple" }
sdist = { url = "https://pkgs.d.xiaomi.net/artifactory/api/pypi/pypi-virtual/packages/packages/e0/47/dd32fa426cc72114383ac549964eecb20ecfd886d1e5ccf5340b55b02f57/mpmath-1.3.0.tar.gz", hash = "sha256:7a28eb2a9774d00c7bc92411c19a89209d5da7c4c9a9e227be8330a23a25b91f" }
wheels = [
    { url = "https://pkgs.d.xiaomi.net/artifactory/api/pypi/pypi-virtual/whl/mpmath-1.3.0-py3-none-any.whl", hash = "sha256:a0b2b9fe80bbcd81a6647ff13108738cfb482d481d826cc0e02f5b35e5c88d2c" },
]

[[package]]
name = "networkx"
version = "3.6.1"
source = { registry = "https://pkgs.d.xiaomi.net/artifactory/api/pypi/pypi-virtual/simple" }
sdist = { url = "https://pkgs.d.xiaomi.net/artifactory/api/pypi/pypi-virtual/packages/packages/6a/51/63fe664f3908c97be9d2e4f1158eb633317598cfa6e1fc14af5383f17512/networkx-3.6.1.tar.gz", hash = "sha256:26b7c357accc0c8cde558ad486283728b65b6a95d85ee1cd66bafab4c8168509" }
wheels = [
    { url = "https://pkgs.d.xiaomi.net/artifactory/api/pypi/pypi-virtual/packages/packages/9e/c9/b2622292ea83fbb4ec318f5b9ab867d0a28ab43c5717bb85b0a5f6b3b0a4/networkx-3.6.1-py3-none-any.whl", hash = "sha256:d47fbf302e7d9cbbb9e2555a0d267983d2aa476bac30e90dfbe5669bd57f3762" },
]

[[package]]
name = "numpy"
version = "2.4.6"
source = { registry = "https://pkgs.d.xiaomi.net/artifactory/api/pypi/pypi-virtual/simple" }
sdist = { url = "https://pkgs.d.xiaomi.net/artifactory/api/pypi/pypi-virtual/packages/packages/d0/ad/fed0499ce6a338d2a03ebae59cd15093910c8875328855781952abf6c2fe/numpy-2.4.6.tar.gz", hash = "sha256:f3a3570c4a2a16746ac2c31a7c7c7b0c186b95ce902e33db6f28094ed7387dda" }
wheels = [
    { url = "https://pkgs.d.xiaomi.net/artifactory/api/pypi/pypi-virtual/packages/packages/95/2a/3d7b5ac8aac24feaf9ad7ed58f45b0bbc06d37e4338ae84c9f2298b570f9/numpy-2.4.6-cp312-cp312-macosx_10_13_x86_64.whl", hash = "sha256:001fbb8e08d942dd57599e781f2472269ee7f2755fae407b4f67b2f0b17da3f1" },
    { url = "https://pkgs.d.xiaomi.net/artifactory/api/pypi/pypi-virtual/packages/packages/ea/12/92c4c131527599e8288d6918e888d88726f84d805d784b771f32408aeaef/numpy-2.4.6-cp312-cp312-macosx_11_0_arm64.whl", hash = "sha256:ebfb099f8dcf083deef3ac1ca4c1503f387cf76296fcb3816b66f5ecb5f54fdb" },
    { url = "https://pkgs.d.xiaomi.net/artifactory/api/pypi/pypi-virtual/packages/packages/ad/fe/c0a6b7b2ca128a8fb228575147073b660656734b8ebe4d76c8fd748dcc79/numpy-2.4.6-cp312-cp312-macosx_14_0_arm64.whl", hash = "sha256:3213d622a0283a39a93d188f3cf72b26862df52fbb4ca3697f51705016523d41" },
    { url = "https://pkgs.d.xiaomi.net/artifactory/api/pypi/pypi-virtual/packages/packages/f3/d4/9770d14ba719432bb90a421bfd443872ed0f70f7264b64bec12ea363d5fd/numpy-2.4.6-cp312-cp312-macosx_14_0_x86_64.whl", hash = "sha256:357cc07a6d7b0b182ff02249616a03742827ebb1277546b5c7cd7f7620a45698" },
    { url = "https://pkgs.d.xiaomi.net/artifactory/api/pypi/pypi-virtual/packages/packages/c9/c6/50a46a6205feba2343f1d6d17438107c5dc491ed1c736e6ea68689fd906b/numpy-2.4.6-cp312-cp312-manylinux_2_27_aarch64.manylinux_2_28_aarch64.whl", hash = "sha256:5f9fb9157b4ce2971008323afe46053787b526ef624fea915b261468a8421a0f" },
    { url = "https://pkgs.d.xiaomi.net/artifactory/api/pypi/pypi-virtual/packages/packages/99/60/14115e6364fa676c5397c2ad3004e527e9aa487abf5d0706ec81bbd08529/numpy-2.4.6-cp312-cp312-manylinux_2_27_x86_64.manylinux_2_28_x86_64.whl", hash = "sha256:90f9849678c75fe7afa2d348ac842c168b0a4d3d61919687216dfc547976d853" },
    { url = "https://pkgs.d.xiaomi.net/artifactory/api/pypi/pypi-virtual/packages/packages/ae/c5/693cbe59e57db94d2231fa519ca3978dc9e19da5a8f088588f5c6e947ff2/numpy-2.4.6-cp312-cp312-musllinux_1_2_aarch64.whl", hash = "sha256:c1a2af6c6ef86344a6b0db6b97834208bf598db514f2b155042439b62605601a" },
    { url = "https://pkgs.d.xiaomi.net/artifactory/api/pypi/pypi-virtual/packages/packages/ef/fc/85b7c4eff9b4966ade25c2273cf7e7012e92366c032058653934b37de044/numpy-2.4.6-cp312-cp312-musllinux_1_2_x86_64.whl", hash = "sha256:e5805d5a22fd19c8ccff10a9561f9df94436b0545619ea579db2d3c35294bce2" },
    { url = "https://pkgs.d.xiaomi.net/artifactory/api/pypi/pypi-virtual/packages/packages/f6/81/e1b27545deedce7f4a0b348618c6b62d74e36a4dc9ccd42f3eb2f85eee32/numpy-2.4.6-cp312-cp312-win32.whl", hash = "sha256:e3eeb0aabd6bd5ce64faae67e9935203a6991b4bc2a485a767fbafb2c5125f45" },
    { url = "https://pkgs.d.xiaomi.net/artifactory/api/pypi/pypi-virtual/packages/packages/ab/ca/feab00bd44aa5fe1ad2c18f08b4d3bb92e26484b0b1d1443897809ed528c/numpy-2.4.6-cp312-cp312-win_amd64.whl", hash = "sha256:d8e8286dd7cea7895157318d1b91cdacac64c479f3cbc8dce548331728484751" },
    { url = "https://pkgs.d.xiaomi.net/artifactory/api/pypi/pypi-virtual/packages/packages/63/cf/5a6d34850a39d1093558564f77ee8e8e0bee5061151b8f05a55711001ec7/numpy-2.4.6-cp312-cp312-win_arm64.whl", hash = "sha256:4081eb135ac24158bd51cdfbef16f1c64df7063b1143f24731387137c092bec8" },
]

[[package]]
name = "packaging"
version = "26.2"
source = { registry = "https://pkgs.d.xiaomi.net/artifactory/api/pypi/pypi-virtual/simple" }
sdist = { url = "https://pkgs.d.xiaomi.net/artifactory/api/pypi/pypi-virtual/packages/packages/d7/f1/e7a6dd94a8d4a5626c03e4e99c87f241ba9e350cd9e6d75123f992427270/packaging-26.2.tar.gz", hash = "sha256:ff452ff5a3e828ce110190feff1178bb1f2ea2281fa2075aadb987c2fb221661" }
wheels = [
    { url = "https://pkgs.d.xiaomi.net/artifactory/api/pypi/pypi-virtual/packages/packages/df/b2/87e62e8c3e2f4b32e5fe99e0b86d576da1312593b39f47d8ceef365e95ed/packaging-26.2-py3-none-any.whl", hash = "sha256:5fc45236b9446107ff2415ce77c807cee2862cb6fac22b8a73826d0693b0980e" },
]

[[package]]
name = "parso"
version = "0.8.7"
source = { registry = "https://pkgs.d.xiaomi.net/artifactory/api/pypi/pypi-virtual/simple" }
sdist = { url = "https://pkgs.d.xiaomi.net/artifactory/api/pypi/pypi-virtual/packages/packages/30/4b/90c937815137d43ce71ba043cd3566221e9df6b9c805f24b5d138c9d40a7/parso-0.8.7.tar.gz", hash = "sha256:eaaac4c9fdd5e9e8852dc778d2d7405897ec510f2a298071453e5e3a07914bb1" }
wheels = [
    { url = "https://pkgs.d.xiaomi.net/artifactory/api/pypi/pypi-virtual/packages/packages/99/5d/8268b644392ee874ee82a635cd0df1773de230bde356c38de28e298392cc/parso-0.8.7-py2.py3-none-any.whl", hash = "sha256:a8926eb2a1b915486941fdbd31e86a4baf88fe8c210f25f2f35ecec5b574ca1c" },
]

[[package]]
name = "pexpect"
version = "4.9.0"
source = { registry = "https://pkgs.d.xiaomi.net/artifactory/api/pypi/pypi-virtual/simple" }
dependencies = [
    { name = "ptyprocess" },
]
sdist = { url = "https://pkgs.d.xiaomi.net/artifactory/api/pypi/pypi-virtual/packages/packages/42/92/cc564bf6381ff43ce1f4d06852fc19a2f11d180f23dc32d9588bee2f149d/pexpect-4.9.0.tar.gz", hash = "sha256:ee7d41123f3c9911050ea2c2dac107568dc43b2d3b0c7557a33212c398ead30f" }
wheels = [
    { url = "https://pkgs.d.xiaomi.net/artifactory/api/pypi/pypi-virtual/packages/packages/9e/c3/059298687310d527a58bb01f3b1965787ee3b40dce76752eda8b44e9a2c5/pexpect-4.9.0-py2.py3-none-any.whl", hash = "sha256:7236d1e080e4936be2dc3e326cec0af72acf9212a7e1d060210e70a47e253523" },
]

[[package]]
name = "pluggy"
version = "1.6.0"
source = { registry = "https://pkgs.d.xiaomi.net/artifactory/api/pypi/pypi-virtual/simple" }
sdist = { url = "https://pkgs.d.xiaomi.net/artifactory/api/pypi/pypi-virtual/packages/packages/f9/e2/3e91f31a7d2b083fe6ef3fa267035b518369d9511ffab804f839851d2779/pluggy-1.6.0.tar.gz", hash = "sha256:7dcc130b76258d33b90f61b658791dede3486c3e6bfb003ee5c9bfb396dd22f3" }
wheels = [
    { url = "https://pkgs.d.xiaomi.net/artifactory/api/pypi/pypi-virtual/packages/packages/54/20/4d324d65cc6d9205fabedc306948156824eb9f0ee1633355a8f7ec5c66bf/pluggy-1.6.0-py3-none-any.whl", hash = "sha256:e920276dd6813095e9377c0bc5566d94c932c33b27a3e3945d8389c374dd4746" },
]

[[package]]
name = "prompt-toolkit"
version = "3.0.52"
source = { registry = "https://pkgs.d.xiaomi.net/artifactory/api/pypi/pypi-virtual/simple" }
dependencies = [
    { name = "wcwidth" },
]
sdist = { url = "https://pkgs.d.xiaomi.net/artifactory/api/pypi/pypi-virtual/packages/packages/a1/96/06e01a7b38dce6fe1db213e061a4602dd6032a8a97ef6c1a862537732421/prompt_toolkit-3.0.52.tar.gz", hash = "sha256:28cde192929c8e7321de85de1ddbe736f1375148b02f2e17edd840042b1be855" }
wheels = [
    { url = "https://pkgs.d.xiaomi.net/artifactory/api/pypi/pypi-virtual/packages/packages/84/03/0d3ce49e2505ae70cf43bc5bb3033955d2fc9f932163e84dc0779cc47f48/prompt_toolkit-3.0.52-py3-none-any.whl", hash = "sha256:9aac639a3bbd33284347de5ad8d68ecc044b91a762dc39b7c21095fcd6a19955" },
]

[[package]]
name = "psutil"
version = "7.2.2"
source = { registry = "https://pkgs.d.xiaomi.net/artifactory/api/pypi/pypi-virtual/simple" }
sdist = { url = "https://pkgs.d.xiaomi.net/artifactory/api/pypi/pypi-virtual/packages/packages/aa/c6/d1ddf4abb55e93cebc4f2ed8b5d6dbad109ecb8d63748dd2b20ab5e57ebe/psutil-7.2.2.tar.gz", hash = "sha256:0746f5f8d406af344fd547f1c8daa5f5c33dbc293bb8d6a16d80b4bb88f59372" }
wheels = [
    { url = "https://pkgs.d.xiaomi.net/artifactory/api/pypi/pypi-virtual/packages/packages/e7/36/5ee6e05c9bd427237b11b3937ad82bb8ad2752d72c6969314590dd0c2f6e/psutil-7.2.2-cp36-abi3-macosx_10_9_x86_64.whl", hash = "sha256:ed0cace939114f62738d808fdcecd4c869222507e266e574799e9c0faa17d486" },
    { url = "https://pkgs.d.xiaomi.net/artifactory/api/pypi/pypi-virtual/packages/packages/80/c4/f5af4c1ca8c1eeb2e92ccca14ce8effdeec651d5ab6053c589b074eda6e1/psutil-7.2.2-cp36-abi3-macosx_11_0_arm64.whl", hash = "sha256:1a7b04c10f32cc88ab39cbf606e117fd74721c831c98a27dc04578deb0c16979" },
    { url = "https://pkgs.d.xiaomi.net/artifactory/api/pypi/pypi-virtual/packages/packages/b5/70/5d8df3b09e25bce090399cf48e452d25c935ab72dad19406c77f4e828045/psutil-7.2.2-cp36-abi3-manylinux2010_x86_64.manylinux_2_12_x86_64.manylinux_2_28_x86_64.whl", hash = "sha256:076a2d2f923fd4821644f5ba89f059523da90dc9014e85f8e45a5774ca5bc6f9" },
    { url = "https://pkgs.d.xiaomi.net/artifactory/api/pypi/pypi-virtual/packages/packages/63/65/37648c0c158dc222aba51c089eb3bdfa238e621674dc42d48706e639204f/psutil-7.2.2-cp36-abi3-manylinux2014_aarch64.manylinux_2_17_aarch64.manylinux_2_28_aarch64.whl", hash = "sha256:b0726cecd84f9474419d67252add4ac0cd9811b04d61123054b9fb6f57df6e9e" },
    { url = "https://pkgs.d.xiaomi.net/artifactory/api/pypi/pypi-virtual/packages/packages/8e/13/125093eadae863ce03c6ffdbae9929430d116a246ef69866dad94da3bfbc/psutil-7.2.2-cp36-abi3-musllinux_1_2_aarch64.whl", hash = "sha256:fd04ef36b4a6d599bbdb225dd1d3f51e00105f6d48a28f006da7f9822f2606d8" },
    { url = "https://pkgs.d.xiaomi.net/artifactory/api/pypi/pypi-virtual/packages/packages/04/78/0acd37ca84ce3ddffaa92ef0f571e073faa6d8ff1f0559ab1272188ea2be/psutil-7.2.2-cp36-abi3-musllinux_1_2_x86_64.whl", hash = "sha256:b58fabe35e80b264a4e3bb23e6b96f9e45a3df7fb7eed419ac0e5947c61e47cc" },
    { url = "https://pkgs.d.xiaomi.net/artifactory/api/pypi/pypi-virtual/packages/packages/b4/90/e2159492b5426be0c1fef7acba807a03511f97c5f86b3caeda6ad92351a7/psutil-7.2.2-cp37-abi3-win_amd64.whl", hash = "sha256:eb7e81434c8d223ec4a219b5fc1c47d0417b12be7ea866e24fb5ad6e84b3d988" },
    { url = "https://pkgs.d.xiaomi.net/artifactory/api/pypi/pypi-virtual/packages/packages/8c/c7/7bb2e321574b10df20cbde462a94e2b71d05f9bbda251ef27d104668306a/psutil-7.2.2-cp37-abi3-win_arm64.whl", hash = "sha256:8c233660f575a5a89e6d4cb65d9f938126312bca76d8fe087b947b3a1aaac9ee" },
]

[[package]]
name = "ptyprocess"
version = "0.7.0"
source = { registry = "https://pkgs.d.xiaomi.net/artifactory/api/pypi/pypi-virtual/simple" }
sdist = { url = "https://pkgs.d.xiaomi.net/artifactory/api/pypi/pypi-virtual/packages/packages/20/e5/16ff212c1e452235a90aeb09066144d0c5a6a8c0834397e03f5224495c4e/ptyprocess-0.7.0.tar.gz", hash = "sha256:5c5d0a3b48ceee0b48485e0c26037c0acd7d29765ca3fbb5cb3831d347423220" }
wheels = [
    { url = "https://pkgs.d.xiaomi.net/artifactory/api/pypi/pypi-virtual/packages/packages/22/a6/858897256d0deac81a172289110f31629fc4cee19b6f01283303e18c8db3/ptyprocess-0.7.0-py2.py3-none-any.whl", hash = "sha256:4b41f3967fce3af57cc7e94b888626c18bf37a083e3651ca8feeb66d492fef35" },
]

[[package]]
name = "pure-eval"
version = "0.2.3"
source = { registry = "https://pkgs.d.xiaomi.net/artifactory/api/pypi/pypi-virtual/simple" }
sdist = { url = "https://pkgs.d.xiaomi.net/artifactory/api/pypi/pypi-virtual/packages/packages/cd/05/0a34433a064256a578f1783a10da6df098ceaa4a57bbeaa96a6c0352786b/pure_eval-0.2.3.tar.gz", hash = "sha256:5f4e983f40564c576c7c8635ae88db5956bb2229d7e9237d03b3c0b0190eaf42" }
wheels = [
    { url = "https://pkgs.d.xiaomi.net/artifactory/api/pypi/pypi-virtual/packages/packages/8e/37/efad0257dc6e593a18957422533ff0f87ede7c9c6ea010a2177d738fb82f/pure_eval-0.2.3-py3-none-any.whl", hash = "sha256:1db8e35b67b3d218d818ae653e27f06c3aa420901fa7b081ca98cbedc874e0d0" },
]

[[package]]
name = "pygments"
version = "2.20.0"
source = { registry = "https://pkgs.d.xiaomi.net/artifactory/api/pypi/pypi-virtual/simple" }
sdist = { url = "https://pkgs.d.xiaomi.net/artifactory/api/pypi/pypi-virtual/packages/packages/c3/b2/bc9c9196916376152d655522fdcebac55e66de6603a76a02bca1b6414f6c/pygments-2.20.0.tar.gz", hash = "sha256:6757cd03768053ff99f3039c1a36d6c0aa0b263438fcab17520b30a303a82b5f" }
wheels = [
    { url = "https://pkgs.d.xiaomi.net/artifactory/api/pypi/pypi-virtual/packages/packages/f4/7e/a72dd26f3b0f4f2bf1dd8923c85f7ceb43172af56d63c7383eb62b332364/pygments-2.20.0-py3-none-any.whl", hash = "sha256:81a9e26dd42fd28a23a2d169d86d7ac03b46e2f8b59ed4698fb4785f946d0176" },
]

[[package]]
name = "pytest"
version = "9.0.3"
source = { registry = "https://pkgs.d.xiaomi.net/artifactory/api/pypi/pypi-virtual/simple" }
dependencies = [
    { name = "colorama", marker = "sys_platform == 'win32'" },
    { name = "iniconfig" },
    { name = "packaging" },
    { name = "pluggy" },
    { name = "pygments" },
]
sdist = { url = "https://pkgs.d.xiaomi.net/artifactory/api/pypi/pypi-virtual/packages/packages/7d/0d/549bd94f1a0a402dc8cf64563a117c0f3765662e2e668477624baeec44d5/pytest-9.0.3.tar.gz", hash = "sha256:b86ada508af81d19edeb213c681b1d48246c1a91d304c6c81a427674c17eb91c" }
wheels = [
    { url = "https://pkgs.d.xiaomi.net/artifactory/api/pypi/pypi-virtual/packages/packages/d4/24/a372aaf5c9b7208e7112038812994107bc65a84cd00e0354a88c2c77a617/pytest-9.0.3-py3-none-any.whl", hash = "sha256:2c5efc453d45394fdd706ade797c0a81091eccd1d6e4bccfcd476e2b8e0ab5d9" },
]

[[package]]
name = "setuptools"
version = "82.0.1"
source = { registry = "https://pkgs.d.xiaomi.net/artifactory/api/pypi/pypi-virtual/simple" }
sdist = { url = "https://pkgs.d.xiaomi.net/artifactory/api/pypi/pypi-virtual/packages/packages/4f/db/cfac1baf10650ab4d1c111714410d2fbb77ac5a616db26775db562c8fab2/setuptools-82.0.1.tar.gz", hash = "sha256:7d872682c5d01cfde07da7bccc7b65469d3dca203318515ada1de5eda35efbf9" }
wheels = [
    { url = "https://pkgs.d.xiaomi.net/artifactory/api/pypi/pypi-virtual/packages/packages/9d/76/f789f7a86709c6b087c5a2f52f911838cad707cc613162401badc665acfe/setuptools-82.0.1-py3-none-any.whl", hash = "sha256:a59e362652f08dcd477c78bb6e7bd9d80a7995bc73ce773050228a348ce2e5bb" },
]

[[package]]
name = "stack-data"
version = "0.6.3"
source = { registry = "https://pkgs.d.xiaomi.net/artifactory/api/pypi/pypi-virtual/simple" }
dependencies = [
    { name = "asttokens" },
    { name = "executing" },
    { name = "pure-eval" },
]
sdist = { url = "https://pkgs.d.xiaomi.net/artifactory/api/pypi/pypi-virtual/packages/packages/28/e3/55dcc2cfbc3ca9c29519eb6884dd1415ecb53b0e934862d3559ddcb7e20b/stack_data-0.6.3.tar.gz", hash = "sha256:836a778de4fec4dcd1dcd89ed8abff8a221f58308462e1c4aa2a3cf30148f0b9" }
wheels = [
    { url = "https://pkgs.d.xiaomi.net/artifactory/api/pypi/pypi-virtual/packages/packages/f1/7b/ce1eafaf1a76852e2ec9b22edecf1daa58175c090266e9f6c64afcd81d91/stack_data-0.6.3-py3-none-any.whl", hash = "sha256:d5558e0c25a4cb0853cddad3d77da9891a08cb85dd9f9f91b9f8cd66e511e695" },
]

[[package]]
name = "sympy"
version = "1.14.0"
source = { registry = "https://pkgs.d.xiaomi.net/artifactory/api/pypi/pypi-virtual/simple" }
dependencies = [
    { name = "mpmath" },
]
sdist = { url = "https://pkgs.d.xiaomi.net/artifactory/api/pypi/pypi-virtual/packages/packages/83/d3/803453b36afefb7c2bb238361cd4ae6125a569b4db67cd9e79846ba2d68c/sympy-1.14.0.tar.gz", hash = "sha256:d3d3fe8df1e5a0b42f0e7bdf50541697dbe7d23746e894990c030e2b05e72517" }
wheels = [
    { url = "https://pkgs.d.xiaomi.net/artifactory/api/pypi/pypi-virtual/packages/packages/a2/09/77d55d46fd61b4a135c444fc97158ef34a095e5681d0a6c10b75bf356191/sympy-1.14.0-py3-none-any.whl", hash = "sha256:e091cc3e99d2141a0ba2847328f5479b05d94a6635cb96148ccb3f34671bd8f5" },
]

[[package]]
name = "torch"
version = "2.10.0+cu132"
source = { registry = "https://artifactory.d.xiaomi.net/artifactory/api/pypi/mimo-core-pypi-local/simple" }
dependencies = [
    { name = "filelock" },
    { name = "fsspec" },
    { name = "jinja2" },
    { name = "networkx" },
    { name = "setuptools" },
    { name = "sympy" },
    { name = "typing-extensions" },
]
wheels = [
    { url = "https://artifactory.d.xiaomi.net/artifactory/api/pypi/mimo-core-pypi-local/torch/2.10.0+cu132/torch-2.10.0+cu132-cp312-cp312-linux_x86_64.whl", hash = "sha256:fa09a311114506a0560b619a8c210a44f36c2b37f09da44ff1a44cfd7b444f5e" },
]

[[package]]
name = "traitlets"
version = "5.15.0"
source = { registry = "https://pkgs.d.xiaomi.net/artifactory/api/pypi/pypi-virtual/simple" }
sdist = { url = "https://pkgs.d.xiaomi.net/artifactory/api/pypi/pypi-virtual/packages/packages/1b/22/40f55b26baeab80c2d7b3f1db0682f8954e4617fee7d90ce634022ef05c6/traitlets-5.15.0.tar.gz", hash = "sha256:4fead733f81cf1c4c938e06f8ca4633896833c9d89eff878159457f4d4392971" }
wheels = [
    { url = "https://pkgs.d.xiaomi.net/artifactory/api/pypi/pypi-virtual/packages/packages/da/98/a9937a969d018a23badfea0b381f66783649d48e0ea6c41923265c3cbeb3/traitlets-5.15.0-py3-none-any.whl", hash = "sha256:fb36a18867a6803deab09f3c5e0fa81bb7b26a5c9e82501c9933f759166eff40" },
]

[[package]]
name = "typing-extensions"
version = "4.15.0"
source = { registry = "https://pkgs.d.xiaomi.net/artifactory/api/pypi/pypi-virtual/simple" }
sdist = { url = "https://pkgs.d.xiaomi.net/artifactory/api/pypi/pypi-virtual/packages/packages/72/94/1a15dd82efb362ac84269196e94cf00f187f7ed21c242792a923cdb1c61f/typing_extensions-4.15.0.tar.gz", hash = "sha256:0cea48d173cc12fa28ecabc3b837ea3cf6f38c6d1136f85cbaaf598984861466" }
wheels = [
    { url = "https://pkgs.d.xiaomi.net/artifactory/api/pypi/pypi-virtual/packages/packages/18/67/36e9267722cc04a6b9f15c7f3441c2363321a3ea07da7ae0c0707beb2a9c/typing_extensions-4.15.0-py3-none-any.whl", hash = "sha256:f0fa19c6845758ab08074a0cfa8b7aecb71c999ca73d62883bc25cc018c4e548" },
]

[[package]]
name = "wcwidth"
version = "0.7.0"
source = { registry = "https://pkgs.d.xiaomi.net/artifactory/api/pypi/pypi-virtual/simple" }
sdist = { url = "https://pkgs.d.xiaomi.net/artifactory/api/pypi/pypi-virtual/packages/packages/2c/ee/afaf0f85a9a18fe47a67f1e4422ed6cf1fe642f0ae0a2f81166231303c52/wcwidth-0.7.0.tar.gz", hash = "sha256:90e3a7ea092341c44b99562e75d09e4d5160fe7a3974c6fb842a101a95e7eed0" }
wheels = [
    { url = "https://pkgs.d.xiaomi.net/artifactory/api/pypi/pypi-virtual/packages/packages/41/52/e465037f5375f43533d1a80b6923955201596a99142ed524d77b571a1418/wcwidth-0.7.0-py3-none-any.whl", hash = "sha256:5d69154c429a82910e241c738cd0e2976fac8a2dd47a1a805f4afed1c0f136f2" },
]
